
Microsoft Visual Studio Solution File, Format Version 12.00
# Visual Studio Version 16
VisualStudioVersion = 16.0.31729.503
MinimumVisualStudioVersion = 10.0.40219.1
Project("{FAE04EC0-301F-11D3-BF4B-00C04F79EFBC}") = "HikeSharingUI", "HikeSharingUI\HikeSharingUI.csproj", "{0E3515E4-3123-44D0-8AF1-D78CABFA2740}"
EndProject
Global
	GlobalSection(SolutionConfigurationPlatforms) = preSolution
		Debug|Any CPU = Debug|Any CPU
		Release|Any CPU = Release|Any CPU
	EndGlobalSection
	GlobalSection(ProjectConfigurationPlatforms) = postSolution
		{0E3515E4-3123-44D0-8AF1-D78CABFA2740}.Debug|Any CPU.ActiveCfg = Debug|Any CPU
		{0E3515E4-3123-44D0-8AF1-D78CABFA2740}.Debug|Any CPU.Build.0 = Debug|Any CPU
		{0E3515E4-3123-44D0-8AF1-D78CABFA2740}.Release|Any CPU.ActiveCfg = Release|Any CPU
		{0E3515E4-3123-44D0-8AF1-D78CABFA2740}.Release|Any CPU.Build.0 = Release|Any CPU
	EndGlobalSection
	GlobalSection(SolutionProperties) = preSolution
		HideSolutionNode = FALSE
	EndGlobalSection
	GlobalSection(ExtensibilityGlobals) = postSolution
		SolutionGuid = {ECB0E2F6-6F96-48A1-B93F-CE6C4869856B}
	EndGlobalSection
EndGlobal
